
Microsoft Visual Studio Solution File, Format Version 12.00
# Visual Studio Version 16
VisualStudioVersion = 16.0.29020.237
MinimumVisualStudioVersion = 10.0.40219.1
Project("{2150E333-8FDC-42A3-9474-1A3956D46DE8}") = "Tooling", "Tooling", "{A205C45D-DE59-4833-A3C0-81414F1D9E76}"
EndProject
Project("{9A19103F-16F7-4668-BE54-9A1E7A4F7556}") = "HealthChecks.SomeModelService", "HealthChecks.SomeModelService\HealthChecks.SomeModelService.csproj", "{7050B3EB-FBAC-4BD2-9526-44859073F32E}"
EndProject
Project("{E53339B2-1760-4266-BCC7-CA923CBCF16C}") = "docker-compose", "docker-compose.dcproj", "{5C57D5E1-F715-47CA-827E-A92DF9880E41}"
EndProject
Project("{9A19103F-16F7-4668-BE54-9A1E7A4F7556}") = "HealthChecks.ServiceBus", "Tooling\HealthChecks.ServiceBus\HealthChecks.ServiceBus.csproj", "{CD45CB1F-D58C-4C0C-B7F4-AA1A1A92D9D4}"
EndProject
Project("{9A19103F-16F7-4668-BE54-9A1E7A4F7556}") = "HealthChecks.Configuration", "Tooling\HealthChecks.Configuration\HealthChecks.Configuration.csproj", "{779CE331-62F9-4151-8C7D-F9A239C8D799}"
EndProject
Global
	GlobalSection(SolutionConfigurationPlatforms) = preSolution
		Debug|Any CPU = Debug|Any CPU
		Release|Any CPU = Release|Any CPU
	EndGlobalSection
	GlobalSection(ProjectConfigurationPlatforms) = postSolution
		{7050B3EB-FBAC-4BD2-9526-44859073F32E}.Debug|Any CPU.ActiveCfg = Debug|Any CPU
		{7050B3EB-FBAC-4BD2-9526-44859073F32E}.Debug|Any CPU.Build.0 = Debug|Any CPU
		{7050B3EB-FBAC-4BD2-9526-44859073F32E}.Release|Any CPU.ActiveCfg = Release|Any CPU
		{7050B3EB-FBAC-4BD2-9526-44859073F32E}.Release|Any CPU.Build.0 = Release|Any CPU
		{5C57D5E1-F715-47CA-827E-A92DF9880E41}.Debug|Any CPU.ActiveCfg = Debug|Any CPU
		{5C57D5E1-F715-47CA-827E-A92DF9880E41}.Debug|Any CPU.Build.0 = Debug|Any CPU
		{5C57D5E1-F715-47CA-827E-A92DF9880E41}.Release|Any CPU.ActiveCfg = Release|Any CPU
		{5C57D5E1-F715-47CA-827E-A92DF9880E41}.Release|Any CPU.Build.0 = Release|Any CPU
		{CD45CB1F-D58C-4C0C-B7F4-AA1A1A92D9D4}.Debug|Any CPU.ActiveCfg = Debug|Any CPU
		{CD45CB1F-D58C-4C0C-B7F4-AA1A1A92D9D4}.Debug|Any CPU.Build.0 = Debug|Any CPU
		{CD45CB1F-D58C-4C0C-B7F4-AA1A1A92D9D4}.Release|Any CPU.ActiveCfg = Release|Any CPU
		{CD45CB1F-D58C-4C0C-B7F4-AA1A1A92D9D4}.Release|Any CPU.Build.0 = Release|Any CPU
		{779CE331-62F9-4151-8C7D-F9A239C8D799}.Debug|Any CPU.ActiveCfg = Debug|Any CPU
		{779CE331-62F9-4151-8C7D-F9A239C8D799}.Debug|Any CPU.Build.0 = Debug|Any CPU
		{779CE331-62F9-4151-8C7D-F9A239C8D799}.Release|Any CPU.ActiveCfg = Release|Any CPU
		{779CE331-62F9-4151-8C7D-F9A239C8D799}.Release|Any CPU.Build.0 = Release|Any CPU
	EndGlobalSection
	GlobalSection(SolutionProperties) = preSolution
		HideSolutionNode = FALSE
	EndGlobalSection
	GlobalSection(NestedProjects) = preSolution
		{CD45CB1F-D58C-4C0C-B7F4-AA1A1A92D9D4} = {A205C45D-DE59-4833-A3C0-81414F1D9E76}
		{779CE331-62F9-4151-8C7D-F9A239C8D799} = {A205C45D-DE59-4833-A3C0-81414F1D9E76}
	EndGlobalSection
	GlobalSection(ExtensibilityGlobals) = postSolution
		SolutionGuid = {068E1943-FABE-4C1B-A4E9-CE3050BE7BF0}
	EndGlobalSection
EndGlobal
